
Microsoft Visual Studio Solution File, Format Version 12.00
# Visual Studio 15
VisualStudioVersion = 15.0.27130.2003
MinimumVisualStudioVersion = 10.0.40219.1
Project("{2150E333-8FDC-42A3-9474-1A3956D46DE8}") = "UI", "UI", "{D10CBD25-8B14-4832-9BE9-D20D0B2F6A82}"
EndProject
Project("{2150E333-8FDC-42A3-9474-1A3956D46DE8}") = "Services", "Services", "{B32DEB0F-996B-4401-8276-F2568E05E81D}"
EndProject
Project("{2150E333-8FDC-42A3-9474-1A3956D46DE8}") = "Business", "Business", "{B8E61CEC-9980-49D2-B382-B7FC8D203CEF}"
EndProject
Project("{2150E333-8FDC-42A3-9474-1A3956D46DE8}") = "Tests", "Tests", "{6CFC2938-F478-4076-A091-35E6C5490178}"
EndProject
Project("{9A19103F-16F7-4668-BE54-9A1E7A4F7556}") = "deepend.business", "deepend.business\deepend.business.csproj", "{4EA4A9FB-F666-4CE9-8D0C-C5612EE9B516}"
EndProject
Project("{FAE04EC0-301F-11D3-BF4B-00C04F79EFBC}") = "deepend.api", "deepend.api\deepend.api.csproj", "{5CFB4D57-AD9F-449D-AF4E-62D531EDA057}"
EndProject
Project("{FAE04EC0-301F-11D3-BF4B-00C04F79EFBC}") = "deepend.ui", "deepend.ui\deepend.ui.csproj", "{B8A9249B-19A5-481E-ABD8-B017D66EFB71}"
EndProject
Project("{2150E333-8FDC-42A3-9474-1A3956D46DE8}") = "Data", "Data", "{5FCB65B1-BBA2-4CBA-8791-44B6F503B342}"
EndProject
Project("{9A19103F-16F7-4668-BE54-9A1E7A4F7556}") = "deepend.data", "deepend.data\deepend.data.csproj", "{D70FE9B0-E0C5-45E0-86D6-BBC87B914A18}"
EndProject
Project("{2150E333-8FDC-42A3-9474-1A3956D46DE8}") = "Entities", "Entities", "{79D210EB-A8B2-4E95-9835-A06B9306FB67}"
EndProject
Project("{9A19103F-16F7-4668-BE54-9A1E7A4F7556}") = "deepend.entity", "deepend.entity\deepend.entity.csproj", "{48A94DC7-2AA6-46D4-84B3-1475B825E5BB}"
EndProject
Project("{00D1A9C2-B5F0-4AF3-8072-F6C62B433612}") = "deepend.db", "deepend.db\deepend.db.sqlproj", "{96EB261F-E88C-46AA-8939-BB89954AA5D5}"
EndProject
Project("{2150E333-8FDC-42A3-9474-1A3956D46DE8}") = "Common", "Common", "{5328EC72-58B4-4985-85A2-F520EBD06F44}"
EndProject
Project("{9A19103F-16F7-4668-BE54-9A1E7A4F7556}") = "deepend.common", "deepend.common\deepend.common.csproj", "{E4FE3956-9A91-4F84-9040-1701BA2BB563}"
EndProject
Project("{FAE04EC0-301F-11D3-BF4B-00C04F79EFBC}") = "deepend.test", "deepend.test\deepend.test.csproj", "{7A0A8A37-384F-4E88-8156-E976E45EF750}"
EndProject
Global
	GlobalSection(SolutionConfigurationPlatforms) = preSolution
		Debug|Any CPU = Debug|Any CPU
		Release|Any CPU = Release|Any CPU
	EndGlobalSection
	GlobalSection(ProjectConfigurationPlatforms) = postSolution
		{4EA4A9FB-F666-4CE9-8D0C-C5612EE9B516}.Debug|Any CPU.ActiveCfg = Debug|Any CPU
		{4EA4A9FB-F666-4CE9-8D0C-C5612EE9B516}.Debug|Any CPU.Build.0 = Debug|Any CPU
		{4EA4A9FB-F666-4CE9-8D0C-C5612EE9B516}.Release|Any CPU.ActiveCfg = Release|Any CPU
		{4EA4A9FB-F666-4CE9-8D0C-C5612EE9B516}.Release|Any CPU.Build.0 = Release|Any CPU
		{5CFB4D57-AD9F-449D-AF4E-62D531EDA057}.Debug|Any CPU.ActiveCfg = Debug|Any CPU
		{5CFB4D57-AD9F-449D-AF4E-62D531EDA057}.Debug|Any CPU.Build.0 = Debug|Any CPU
		{5CFB4D57-AD9F-449D-AF4E-62D531EDA057}.Release|Any CPU.ActiveCfg = Release|Any CPU
		{5CFB4D57-AD9F-449D-AF4E-62D531EDA057}.Release|Any CPU.Build.0 = Release|Any CPU
		{B8A9249B-19A5-481E-ABD8-B017D66EFB71}.Debug|Any CPU.ActiveCfg = Debug|Any CPU
		{B8A9249B-19A5-481E-ABD8-B017D66EFB71}.Debug|Any CPU.Build.0 = Debug|Any CPU
		{B8A9249B-19A5-481E-ABD8-B017D66EFB71}.Release|Any CPU.ActiveCfg = Release|Any CPU
		{B8A9249B-19A5-481E-ABD8-B017D66EFB71}.Release|Any CPU.Build.0 = Release|Any CPU
		{D70FE9B0-E0C5-45E0-86D6-BBC87B914A18}.Debug|Any CPU.ActiveCfg = Debug|Any CPU
		{D70FE9B0-E0C5-45E0-86D6-BBC87B914A18}.Debug|Any CPU.Build.0 = Debug|Any CPU
		{D70FE9B0-E0C5-45E0-86D6-BBC87B914A18}.Release|Any CPU.ActiveCfg = Release|Any CPU
		{D70FE9B0-E0C5-45E0-86D6-BBC87B914A18}.Release|Any CPU.Build.0 = Release|Any CPU
		{48A94DC7-2AA6-46D4-84B3-1475B825E5BB}.Debug|Any CPU.ActiveCfg = Debug|Any CPU
		{48A94DC7-2AA6-46D4-84B3-1475B825E5BB}.Debug|Any CPU.Build.0 = Debug|Any CPU
		{48A94DC7-2AA6-46D4-84B3-1475B825E5BB}.Release|Any CPU.ActiveCfg = Release|Any CPU
		{48A94DC7-2AA6-46D4-84B3-1475B825E5BB}.Release|Any CPU.Build.0 = Release|Any CPU
		{96EB261F-E88C-46AA-8939-BB89954AA5D5}.Debug|Any CPU.ActiveCfg = Debug|Any CPU
		{96EB261F-E88C-46AA-8939-BB89954AA5D5}.Debug|Any CPU.Build.0 = Debug|Any CPU
		{96EB261F-E88C-46AA-8939-BB89954AA5D5}.Debug|Any CPU.Deploy.0 = Debug|Any CPU
		{96EB261F-E88C-46AA-8939-BB89954AA5D5}.Release|Any CPU.ActiveCfg = Release|Any CPU
		{96EB261F-E88C-46AA-8939-BB89954AA5D5}.Release|Any CPU.Build.0 = Release|Any CPU
		{96EB261F-E88C-46AA-8939-BB89954AA5D5}.Release|Any CPU.Deploy.0 = Release|Any CPU
		{E4FE3956-9A91-4F84-9040-1701BA2BB563}.Debug|Any CPU.ActiveCfg = Debug|Any CPU
		{E4FE3956-9A91-4F84-9040-1701BA2BB563}.Debug|Any CPU.Build.0 = Debug|Any CPU
		{E4FE3956-9A91-4F84-9040-1701BA2BB563}.Release|Any CPU.ActiveCfg = Release|Any CPU
		{E4FE3956-9A91-4F84-9040-1701BA2BB563}.Release|Any CPU.Build.0 = Release|Any CPU
		{7A0A8A37-384F-4E88-8156-E976E45EF750}.Debug|Any CPU.ActiveCfg = Debug|Any CPU
		{7A0A8A37-384F-4E88-8156-E976E45EF750}.Debug|Any CPU.Build.0 = Debug|Any CPU
		{7A0A8A37-384F-4E88-8156-E976E45EF750}.Release|Any CPU.ActiveCfg = Release|Any CPU
		{7A0A8A37-384F-4E88-8156-E976E45EF750}.Release|Any CPU.Build.0 = Release|Any CPU
	EndGlobalSection
	GlobalSection(SolutionProperties) = preSolution
		HideSolutionNode = FALSE
	EndGlobalSection
	GlobalSection(NestedProjects) = preSolution
		{4EA4A9FB-F666-4CE9-8D0C-C5612EE9B516} = {B8E61CEC-9980-49D2-B382-B7FC8D203CEF}
		{5CFB4D57-AD9F-449D-AF4E-62D531EDA057} = {B32DEB0F-996B-4401-8276-F2568E05E81D}
		{B8A9249B-19A5-481E-ABD8-B017D66EFB71} = {D10CBD25-8B14-4832-9BE9-D20D0B2F6A82}
		{D70FE9B0-E0C5-45E0-86D6-BBC87B914A18} = {5FCB65B1-BBA2-4CBA-8791-44B6F503B342}
		{48A94DC7-2AA6-46D4-84B3-1475B825E5BB} = {79D210EB-A8B2-4E95-9835-A06B9306FB67}
		{96EB261F-E88C-46AA-8939-BB89954AA5D5} = {5FCB65B1-BBA2-4CBA-8791-44B6F503B342}
		{E4FE3956-9A91-4F84-9040-1701BA2BB563} = {5328EC72-58B4-4985-85A2-F520EBD06F44}
		{7A0A8A37-384F-4E88-8156-E976E45EF750} = {6CFC2938-F478-4076-A091-35E6C5490178}
	EndGlobalSection
	GlobalSection(ExtensibilityGlobals) = postSolution
		SolutionGuid = {5C0F7EB8-7630-4BE4-9997-2A9A2CF91B4C}
	EndGlobalSection
EndGlobal
